
Microsoft Visual Studio Solution File, Format Version 12.00
# Visual Studio Version 17
VisualStudioVersion = 17.14.36221.1 d17.14
MinimumVisualStudioVersion = 10.0.40219.1
Project("{FAE04EC0-301F-11D3-BF4B-00C04F79EFBC}") = "BCFI", "BCFI\BCFI.csproj", "{3A30C181-DF55-40B6-AC71-705A004D1CEC}"
EndProject
Global
	GlobalSection(SolutionConfigurationPlatforms) = preSolution
		Debug|Any CPU = Debug|Any CPU
		Release|Any CPU = Release|Any CPU
	EndGlobalSection
	GlobalSection(ProjectConfigurationPlatforms) = postSolution
		{3A30C181-DF55-40B6-AC71-705A004D1CEC}.Debug|Any CPU.ActiveCfg = Debug|Any CPU
		{3A30C181-DF55-40B6-AC71-705A004D1CEC}.Debug|Any CPU.Build.0 = Debug|Any CPU
		{3A30C181-DF55-40B6-AC71-705A004D1CEC}.Release|Any CPU.ActiveCfg = Release|Any CPU
		{3A30C181-DF55-40B6-AC71-705A004D1CEC}.Release|Any CPU.Build.0 = Release|Any CPU
	EndGlobalSection
	GlobalSection(SolutionProperties) = preSolution
		HideSolutionNode = FALSE
	EndGlobalSection
	GlobalSection(ExtensibilityGlobals) = postSolution
		SolutionGuid = {C8C267BF-B66C-4AC4-A916-6788C12B95C3}
	EndGlobalSection
EndGlobal
